
Microsoft Visual Studio Solution File, Format Version 12.00
# Visual Studio Version 16
VisualStudioVersion = 16.0.30503.244
MinimumVisualStudioVersion = 10.0.40219.1
Project("{FAE04EC0-301F-11D3-BF4B-00C04F79EFBC}") = "WarehouseManager", "WarehouseManager\WarehouseManager.csproj", "{445658B1-1E2B-41CF-AE54-0B474CCE7BC8}"
EndProject
Global
	GlobalSection(SolutionConfigurationPlatforms) = preSolution
		Debug|Any CPU = Debug|Any CPU
		Release|Any CPU = Release|Any CPU
	EndGlobalSection
	GlobalSection(ProjectConfigurationPlatforms) = postSolution
		{445658B1-1E2B-41CF-AE54-0B474CCE7BC8}.Debug|Any CPU.ActiveCfg = Debug|Any CPU
		{445658B1-1E2B-41CF-AE54-0B474CCE7BC8}.Debug|Any CPU.Build.0 = Debug|Any CPU
		{445658B1-1E2B-41CF-AE54-0B474CCE7BC8}.Release|Any CPU.ActiveCfg = Release|Any CPU
		{445658B1-1E2B-41CF-AE54-0B474CCE7BC8}.Release|Any CPU.Build.0 = Release|Any CPU
	EndGlobalSection
	GlobalSection(SolutionProperties) = preSolution
		HideSolutionNode = FALSE
	EndGlobalSection
	GlobalSection(ExtensibilityGlobals) = postSolution
		SolutionGuid = {2491A574-F497-444E-94A3-9AFAE7A75DE5}
	EndGlobalSection
EndGlobal
