
Microsoft Visual Studio Solution File, Format Version 12.00
# Visual Studio Version 16
VisualStudioVersion = 16.0.30413.136
MinimumVisualStudioVersion = 10.0.40219.1
Project("{9A19103F-16F7-4668-BE54-9A1E7A4F7556}") = "Fractals", "FractalsGenerator\Fractals.csproj", "{01A02BB3-BE32-481D-BAC4-E21188716A33}"
EndProject
Global
	GlobalSection(SolutionConfigurationPlatforms) = preSolution
		Debug|Any CPU = Debug|Any CPU
		Release|Any CPU = Release|Any CPU
	EndGlobalSection
	GlobalSection(ProjectConfigurationPlatforms) = postSolution
		{01A02BB3-BE32-481D-BAC4-E21188716A33}.Debug|Any CPU.ActiveCfg = Debug|Any CPU
		{01A02BB3-BE32-481D-BAC4-E21188716A33}.Debug|Any CPU.Build.0 = Debug|Any CPU
		{01A02BB3-BE32-481D-BAC4-E21188716A33}.Release|Any CPU.ActiveCfg = Release|Any CPU
		{01A02BB3-BE32-481D-BAC4-E21188716A33}.Release|Any CPU.Build.0 = Release|Any CPU
	EndGlobalSection
	GlobalSection(SolutionProperties) = preSolution
		HideSolutionNode = FALSE
	EndGlobalSection
	GlobalSection(ExtensibilityGlobals) = postSolution
		SolutionGuid = {B978FE4A-300B-4469-B11A-B2566D4E8E05}
	EndGlobalSection
EndGlobal
