
Microsoft Visual Studio Solution File, Format Version 12.00
# Visual Studio Version 16
VisualStudioVersion = 16.0.30503.244
MinimumVisualStudioVersion = 10.0.40219.1
Project("{9A19103F-16F7-4668-BE54-9A1E7A4F7556}") = "FileManager", "FileManager\FileManager.csproj", "{AFE3CB89-7D7E-45A0-B0FD-E69705046C25}"
EndProject
Global
	GlobalSection(SolutionConfigurationPlatforms) = preSolution
		Debug|Any CPU = Debug|Any CPU
		Release|Any CPU = Release|Any CPU
	EndGlobalSection
	GlobalSection(ProjectConfigurationPlatforms) = postSolution
		{AFE3CB89-7D7E-45A0-B0FD-E69705046C25}.Debug|Any CPU.ActiveCfg = Debug|Any CPU
		{AFE3CB89-7D7E-45A0-B0FD-E69705046C25}.Debug|Any CPU.Build.0 = Debug|Any CPU
		{AFE3CB89-7D7E-45A0-B0FD-E69705046C25}.Release|Any CPU.ActiveCfg = Release|Any CPU
		{AFE3CB89-7D7E-45A0-B0FD-E69705046C25}.Release|Any CPU.Build.0 = Release|Any CPU
	EndGlobalSection
	GlobalSection(SolutionProperties) = preSolution
		HideSolutionNode = FALSE
	EndGlobalSection
	GlobalSection(ExtensibilityGlobals) = postSolution
		SolutionGuid = {F8D0A5A5-B572-44EB-93D6-7D0EE16DEDE4}
	EndGlobalSection
EndGlobal
